
Microsoft Visual Studio Solution File, Format Version 12.00
# Visual Studio Version 16
VisualStudioVersion = 16.0.29306.81
MinimumVisualStudioVersion = 10.0.40219.1
Project("{FAE04EC0-301F-11D3-BF4B-00C04F79EFBC}") = "GeekTextAPI", "GeekTextAPI\GeekTextAPI.csproj", "{AC096043-DEE2-4FC2-9A98-13D60B6E9B7D}"
EndProject
Project("{FAE04EC0-301F-11D3-BF4B-00C04F79EFBC}") = "GeekTextApp", "GeekTextApp\GeekTextApp.csproj", "{851D2681-AA2C-48FD-97D9-635A80677047}"
EndProject
Global
	GlobalSection(SolutionConfigurationPlatforms) = preSolution
		Debug|Any CPU = Debug|Any CPU
		Release|Any CPU = Release|Any CPU
	EndGlobalSection
	GlobalSection(ProjectConfigurationPlatforms) = postSolution
		{AC096043-DEE2-4FC2-9A98-13D60B6E9B7D}.Debug|Any CPU.ActiveCfg = Debug|Any CPU
		{AC096043-DEE2-4FC2-9A98-13D60B6E9B7D}.Debug|Any CPU.Build.0 = Debug|Any CPU
		{AC096043-DEE2-4FC2-9A98-13D60B6E9B7D}.Release|Any CPU.ActiveCfg = Release|Any CPU
		{AC096043-DEE2-4FC2-9A98-13D60B6E9B7D}.Release|Any CPU.Build.0 = Release|Any CPU
		{851D2681-AA2C-48FD-97D9-635A80677047}.Debug|Any CPU.ActiveCfg = Debug|Any CPU
		{851D2681-AA2C-48FD-97D9-635A80677047}.Debug|Any CPU.Build.0 = Debug|Any CPU
		{851D2681-AA2C-48FD-97D9-635A80677047}.Release|Any CPU.ActiveCfg = Release|Any CPU
		{851D2681-AA2C-48FD-97D9-635A80677047}.Release|Any CPU.Build.0 = Release|Any CPU
	EndGlobalSection
	GlobalSection(SolutionProperties) = preSolution
		HideSolutionNode = FALSE
	EndGlobalSection
	GlobalSection(ExtensibilityGlobals) = postSolution
		SolutionGuid = {FACF3E86-51E8-4131-8C49-C9C797F788D0}
	EndGlobalSection
EndGlobal
